{
  "name": "editor-core-py-node-bridge",
  "lockfileVersion": 3,
  "requires": true,
  "packages": {
    "": {
      "name": "editor-core-py-node-bridge",
      "dependencies": {
        "@mr_mint/elkjs-libavoid": "^0.5.0",
        "elkjs": "^0.12.0"
      }
    },
    "node_modules/@mr_mint/elkjs-libavoid": {
      "version": "0.5.0",
      "resolved": "https://registry.npmjs.org/@mr_mint/elkjs-libavoid/-/elkjs-libavoid-0.5.0.tgz",
      "integrity": "sha512-kFxLFRCNh8ph3wEg7ml0I0xGT4qSWHK6ytC4LPMa18bGiQru9cTmoskRlzjiJUJCAVDaRfXC1DzstQYpRRxbuQ==",
      "license": "MIT",
      "dependencies": {
        "libavoid-js": "0.5.0-beta.5"
      },
      "engines": {
        "node": ">=20"
      },
      "peerDependencies": {
        "elkjs": ">=0.8.0"
      },
      "peerDependenciesMeta": {
        "elkjs": {
          "optional": true
        }
      }
    },
    "node_modules/elkjs": {
      "version": "0.12.0",
      "resolved": "https://registry.npmjs.org/elkjs/-/elkjs-0.12.0.tgz",
      "integrity": "sha512-YZcKynxVxYoKIOEpywEPwCFdg+BTbxQRNf3pbwdDCvc8O3kQD8bmIwSxKU1eOTVc4Xo+VG9Te+575mlfvOrhEQ==",
      "license": "EPL-2.0 OR GPL-3.0-or-later"
    },
    "node_modules/libavoid-js": {
      "version": "0.5.0-beta.5",
      "resolved": "https://registry.npmjs.org/libavoid-js/-/libavoid-js-0.5.0-beta.5.tgz",
      "integrity": "sha512-jHkn6A10815TgFhZ1paUD/NDnQkg4C66qJc2Juj1NpmO/+QXnJ4UjIdKQarkXLmI/QgXhEO3RWDxMi3i+uHPwA==",
      "license": "LGPL-2.1-or-later"
    }
  }
}
